
Microsoft Visual Studio Solution File, Format Version 12.00
# Visual Studio Version 16
VisualStudioVersion = 16.0.29924.181
MinimumVisualStudioVersion = 10.0.40219.1
Project("{9A19103F-16F7-4668-BE54-9A1E7A4F7556}") = "BookWasm", "BookWasm\BookWasm.csproj", "{CD2DD165-BDD3-4A4B-821A-B7E0B1F5473F}"
EndProject
Project("{9A19103F-16F7-4668-BE54-9A1E7A4F7556}") = "BookServer", "BookServer\BookServer.csproj", "{F62FB0EB-CA4F-4F79-A153-F1FB1C80C3B1}"
EndProject
Global
	GlobalSection(SolutionConfigurationPlatforms) = preSolution
		Debug|Any CPU = Debug|Any CPU
		Release|Any CPU = Release|Any CPU
	EndGlobalSection
	GlobalSection(ProjectConfigurationPlatforms) = postSolution
		{CD2DD165-BDD3-4A4B-821A-B7E0B1F5473F}.Debug|Any CPU.ActiveCfg = Debug|Any CPU
		{CD2DD165-BDD3-4A4B-821A-B7E0B1F5473F}.Debug|Any CPU.Build.0 = Debug|Any CPU
		{CD2DD165-BDD3-4A4B-821A-B7E0B1F5473F}.Release|Any CPU.ActiveCfg = Release|Any CPU
		{CD2DD165-BDD3-4A4B-821A-B7E0B1F5473F}.Release|Any CPU.Build.0 = Release|Any CPU
		{F62FB0EB-CA4F-4F79-A153-F1FB1C80C3B1}.Debug|Any CPU.ActiveCfg = Debug|Any CPU
		{F62FB0EB-CA4F-4F79-A153-F1FB1C80C3B1}.Debug|Any CPU.Build.0 = Debug|Any CPU
		{F62FB0EB-CA4F-4F79-A153-F1FB1C80C3B1}.Release|Any CPU.ActiveCfg = Release|Any CPU
		{F62FB0EB-CA4F-4F79-A153-F1FB1C80C3B1}.Release|Any CPU.Build.0 = Release|Any CPU
	EndGlobalSection
	GlobalSection(SolutionProperties) = preSolution
		HideSolutionNode = FALSE
	EndGlobalSection
	GlobalSection(ExtensibilityGlobals) = postSolution
		SolutionGuid = {D0CDF8E3-F0D0-46F3-8A25-85D12D9496A9}
	EndGlobalSection
EndGlobal
